// !$*UTF8*$!
{
	archiveVersion = 1;
	classes = {
	};
	objectVersion = 50;
	objects = {

/* Begin PBXBuildFile section */
		2F01B42326E9712D0029F6AC /* AppDelegate.swift in Sources */ = {isa = PBXBuildFile; fileRef = 2F01B42226E9712D0029F6AC /* AppDelegate.swift */; };
		2F01B42526E9712D0029F6AC /* SceneDelegate.swift in Sources */ = {isa = PBXBuildFile; fileRef = 2F01B42426E9712D0029F6AC /* SceneDelegate.swift */; };
		2F01B42726E9712D0029F6AC /* ViewController.swift in Sources */ = {isa = PBXBuildFile; fileRef = 2F01B42626E9712D0029F6AC /* ViewController.swift */; };
		2F01B42A26E9712D0029F6AC /* Main.storyboard in Resources */ = {isa = PBXBuildFile; fileRef = 2F01B42826E9712D0029F6AC /* Main.storyboard */; };
		2F01B42C26E9712E0029F6AC /* Assets.xcassets in Resources */ = {isa = PBXBuildFile; fileRef = 2F01B42B26E9712E0029F6AC /* Assets.xcassets */; };
		2F01B42F26E9712E0029F6AC /* LaunchScreen.storyboard in Resources */ = {isa = PBXBuildFile; fileRef = 2F01B42D26E9712E0029F6AC /* LaunchScreen.storyboard */; };
/* End PBXBuildFile section */

/* Begin PBXFileReference section */
		2F01B41F26E9712D0029F6AC /* Match The Shapes.app */ = {isa = PBXFileReference; explicitFileType = wrapper.application; includeInIndex = 0; path = "Match The Shapes.app"; sourceTree = BUILT_PRODUCTS_DIR; };
		2F01B42226E9712D0029F6AC /* AppDelegate.swift */ = {isa = PBXFileReference; lastKnownFileType = sourcecode.swift; path = AppDelegate.swift; sourceTree = "<group>"; };
		2F01B42426E9712D0029F6AC /* SceneDelegate.swift */ = {isa = PBXFileReference; lastKnownFileType = sourcecode.swift; path = SceneDelegate.swift; sourceTree = "<group>"; };
		2F01B42626E9712D0029F6AC /* ViewController.swift */ = {isa = PBXFileReference; lastKnownFileType = sourcecode.swift; path = ViewController.swift; sourceTree = "<group>"; };
		2F01B42926E9712D0029F6AC /* Base */ = {isa = PBXFileReference; lastKnownFileType = file.storyboard; name = Base; path = Base.lproj/Main.storyboard; sourceTree = "<group>"; };
		2F01B42B26E9712E0029F6AC /* Assets.xcassets */ = {isa = PBXFileReference; lastKnownFileType = folder.assetcatalog; path = Assets.xcassets; sourceTree = "<group>"; };
		2F01B42E26E9712E0029F6AC /* Base */ = {isa = PBXFileReference; lastKnownFileType = file.storyboard; name = Base; path = Base.lproj/LaunchScreen.storyboard; sourceTree = "<group>"; };
		2F01B43026E9712E0029F6AC /* Info.plist */ = {isa = PBXFileReference; lastKnownFileType = text.plist.xml; path = Info.plist; sourceTree = "<group>"; };
/* End PBXFileReference section */

/* Begin PBXFrameworksBuildPhase section */
		2F01B41C26E9712D0029F6AC /* Frameworks */ = {
			isa = PBXFrameworksBuildPhase;
			buildActionMask = 2147483647;
			files = (
			);
			runOnlyForDeploymentPostprocessing = 0;
		};
/* End PBXFrameworksBuildPhase section */

/* Begin PBXGroup section */
		2F01B41626E9712D0029F6AC = {
			isa = PBXGroup;
			children = (
				2F01B42126E9712D0029F6AC /* Match The Shapes */,
				2F01B42026E9712D0029F6AC /* Products */,
			);
			sourceTree = "<group>";
		};
		2F01B42026E9712D0029F6AC /* Products */ = {
			isa = PBXGroup;
			children = (
				2F01B41F26E9712D0029F6AC /* Match The Shapes.app */,
			);
			name = Products;
			sourceTree = "<group>";
		};
		2F01B42126E9712D0029F6AC /* Match The Shapes */ = {
			isa = PBXGroup;
			children = (
				2F01B42226E9712D0029F6AC /* AppDelegate.swift */,
				2F01B42426E9712D0029F6AC /* SceneDelegate.swift */,
				2F01B42626E9712D0029F6AC /* ViewController.swift */,
				2F01B42826E9712D0029F6AC /* Main.storyboard */,
				2F01B42B26E9712E0029F6AC /* Assets.xcassets */,
				2F01B42D26E9712E0029F6AC /* LaunchScreen.storyboard */,
				2F01B43026E9712E0029F6AC /* Info.plist */,
			);
			path = "Match The Shapes";
			sourceTree = "<group>";
		};
/* End PBXGroup section */

/* Begin PBXNativeTarget section */
		2F01B41E26E9712D0029F6AC /* Match The Shapes */ = {
			isa = PBXNativeTarget;
			buildConfigurationList = 2F01B43326E9712E0029F6AC /* Build configuration list for PBXNativeTarget "Match The Shapes" */;
			buildPhases = (
				2F01B41B26E9712D0029F6AC /* Sources */,
				2F01B41C26E9712D0029F6AC /* Frameworks */,
				2F01B41D26E9712D0029F6AC /* Resources */,
			);
			buildRules = (
			);
			dependencies = (
			);
			name = "Match The Shapes";
			productName = "Match The Shapes";
			productReference = 2F01B41F26E9712D0029F6AC /* Match The Shapes.app */;
			productType = "com.apple.product-type.application";
		};
/* End PBXNativeTarget section */

/* Begin PBXProject section */
		2F01B41726E9712D0029F6AC /* Project object */ = {
			isa = PBXProject;
			attributes = {
				LastSwiftUpdateCheck = 1250;
				LastUpgradeCheck = 1250;
				TargetAttributes = {
					2F01B41E26E9712D0029F6AC = {
						CreatedOnToolsVersion = 12.5.1;
					};
				};
			};
			buildConfigurationList = 2F01B41A26E9712D0029F6AC /* Build configuration list for PBXProject "Match The Shapes" */;
			compatibilityVersion = "Xcode 9.3";
			developmentRegion = en;
			hasScannedForEncodings = 0;
			knownRegions = (
				en,
				Base,
			);
			mainGroup = 2F01B41626E9712D0029F6AC;
			productRefGroup = 2F01B42026E9712D0029F6AC /* Products */;
			projectDirPath = "";
			projectRoot = "";
			targets = (
				2F01B41E26E9712D0029F6AC /* Match The Shapes */,
			);
		};
/* End PBXProject section */

/* Begin PBXResourcesBuildPhase section */
		2F01B41D26E9712D0029F6AC /* Resources */ = {
			isa = PBXResourcesBuildPhase;
			buildActionMask = 2147483647;
			files = (
				2F01B42F26E9712E0029F6AC /* LaunchScreen.storyboard in Resources */,
				2F01B42C26E9712E0029F6AC /* Assets.xcassets in Resources */,
				2F01B42A26E9712D0029F6AC /* Main.storyboard in Resources */,
			);
			runOnlyForDeploymentPostprocessing = 0;
		};
/* End PBXResourcesBuildPhase section */

/* Begin PBXSourcesBuildPhase section */
		2F01B41B26E9712D0029F6AC /* Sources */ = {
			isa = PBXSourcesBuildPhase;
			buildActionMask = 2147483647;
			files = (
				2F01B42726E9712D0029F6AC /* ViewController.swift in Sources */,
				2F01B42326E9712D0029F6AC /* AppDelegate.swift in Sources */,
				2F01B42526E9712D0029F6AC /* SceneDelegate.swift in Sources */,
			);
			runOnlyForDeploymentPostprocessing = 0;
		};
/* End PBXSourcesBuildPhase section */

/* Begin PBXVariantGroup section */
		2F01B42826E9712D0029F6AC /* Main.storyboard */ = {
			isa = PBXVariantGroup;
			children = (
				2F01B42926E9712D0029F6AC /* Base */,
			);
			name = Main.storyboard;
			sourceTree = "<group>";
		};
		2F01B42D26E9712E0029F6AC /* LaunchScreen.storyboard */ = {
			isa = PBXVariantGroup;
			children = (
				2F01B42E26E9712E0029F6AC /* Base */,
			);
			name = LaunchScreen.storyboard;
			sourceTree = "<group>";
		};
/* End PBXVariantGroup section */

/* Begin XCBuildConfiguration section */
		2F01B43126E9712E0029F6AC /* Debug */ = {
			isa = XCBuildConfiguration;
			buildSettings = {
				ALWAYS_SEARCH_USER_PATHS = NO;
				CLANG_ANALYZER_NONNULL = YES;
				CLANG_ANALYZER_NUMBER_OBJECT_CONVERSION = YES_AGGRESSIVE;
				CLANG_CXX_LANGUAGE_STANDARD = "gnu++14";
				CLANG_CXX_LIBRARY = "libc++";
				CLANG_ENABLE_MODULES = YES;
				CLANG_ENABLE_OBJC_ARC = YES;
				CLANG_ENABLE_OBJC_WEAK = YES;
				CLANG_WARN_BLOCK_CAPTURE_AUTORELEASING = YES;
				CLANG_WARN_BOOL_CONVERSION = YES;
				CLANG_WARN_COMMA = YES;
				CLANG_WARN_CONSTANT_CONVERSION = YES;
				CLANG_WARN_DEPRECATED_OBJC_IMPLEMENTATIONS = YES;
				CLANG_WARN_DIRECT_OBJC_ISA_USAGE = YES_ERROR;
				CLANG_WARN_DOCUMENTATION_COMMENTS = YES;
				CLANG_WARN_EMPTY_BODY = YES;
				CLANG_WARN_ENUM_CONVERSION = YES;
				CLANG_WARN_INFINITE_RECURSION = YES;
				CLANG_WARN_INT_CONVERSION = YES;
				CLANG_WARN_NON_LITERAL_NULL_CONVERSION = YES;
				CLANG_WARN_OBJC_IMPLICIT_RETAIN_SELF = YES;
				CLANG_WARN_OBJC_LITERAL_CONVERSION = YES;
				CLANG_WARN_OBJC_ROOT_CLASS = YES_ERROR;
				CLANG_WARN_QUOTED_INCLUDE_IN_FRAMEWORK_HEADER = YES;
				CLANG_WARN_RANGE_LOOP_ANALYSIS = YES;
				CLANG_WARN_STRICT_PROTOTYPES = YES;
				CLANG_WARN_SUSPICIOUS_MOVE = YES;
				CLANG_WARN_UNGUARDED_AVAILABILITY = YES_AGGRESSIVE;
				CLANG_WARN_UNREACHABLE_CODE = YES;
				CLANG_WARN__DUPLICATE_METHOD_MATCH = YES;
				COPY_PHASE_STRIP = NO;
				DEBUG_INFORMATION_FORMAT = dwarf;
				ENABLE_STRICT_OBJC_MSGSEND = YES;
				ENABLE_TESTABILITY = YES;
				GCC_C_LANGUAGE_STANDARD = gnu11;
				GCC_DYNAMIC_NO_PIC = NO;
				GCC_NO_COMMON_BLOCKS = YES;
				GCC_OPTIMIZATION_LEVEL = 0;
				GCC_PREPROCESSOR_DEFINITIONS = (
					"DEBUG=1",
					"$(inherited)",
				);
				GCC_WARN_64_TO_32_BIT_CONVERSION = YES;
				GCC_WARN_ABOUT_RETURN_TYPE = YES_ERROR;
				GCC_WARN_UNDECLARED_SELECTOR = YES;
				GCC_WARN_UNINITIALIZED_AUTOS = YES_AGGRESSIVE;
				GCC_WARN_UNUSED_FUNCTION = YES;
				GCC_WARN_UNUSED_VARIABLE = YES;
				IPHONEOS_DEPLOYMENT_TARGET = 14.5;
				MTL_ENABLE_DEBUG_INFO = INCLUDE_SOURCE;
				MTL_FAST_MATH = YES;
				ONLY_ACTIVE_ARCH = YES;
				SDKROOT = iphoneos;
				SWIFT_ACTIVE_COMPILATION_CONDITIONS = DEBUG;
				SWIFT_OPTIMIZATION_LEVEL = "-Onone";
			};
			name = Debug;
		};
		2F01B43226E9712E0029F6AC /* Release */ = {
			isa = XCBuildConfiguration;
			buildSettings = {
				ALWAYS_SEARCH_USER_PATHS = NO;
				CLANG_ANALYZER_NONNULL = YES;
				CLANG_ANALYZER_NUMBER_OBJECT_CONVERSION = YES_AGGRESSIVE;
				CLANG_CXX_LANGUAGE_STANDARD = "gnu++14";
				CLANG_CXX_LIBRARY = "libc++";
				CLANG_ENABLE_MODULES = YES;
				CLANG_ENABLE_OBJC_ARC = YES;
				CLANG_ENABLE_OBJC_WEAK = YES;
				CLANG_WARN_BLOCK_CAPTURE_AUTORELEASING = YES;
				CLANG_WARN_BOOL_CONVERSION = YES;
				CLANG_WARN_COMMA = YES;
				CLANG_WARN_CONSTANT_CONVERSION = YES;
				CLANG_WARN_DEPRECATED_OBJC_IMPLEMENTATIONS = YES;
				CLANG_WARN_DIRECT_OBJC_ISA_USAGE = YES_ERROR;
				CLANG_WARN_DOCUMENTATION_COMMENTS = YES;
				CLANG_WARN_EMPTY_BODY = YES;
				CLANG_WARN_ENUM_CONVERSION = YES;
				CLANG_WARN_INFINITE_RECURSION = YES;
				CLANG_WARN_INT_CONVERSION = YES;
				CLANG_WARN_NON_LITERAL_NULL_CONVERSION = YES;
				CLANG_WARN_OBJC_IMPLICIT_RETAIN_SELF = YES;
				CLANG_WARN_OBJC_LITERAL_CONVERSION = YES;
				CLANG_WARN_OBJC_ROOT_CLASS = YES_ERROR;
				CLANG_WARN_QUOTED_INCLUDE_IN_FRAMEWORK_HEADER = YES;
				CLANG_WARN_RANGE_LOOP_ANALYSIS = YES;
				CLANG_WARN_STRICT_PROTOTYPES = YES;
				CLANG_WARN_SUSPICIOUS_MOVE = YES;
				CLANG_WARN_UNGUARDED_AVAILABILITY = YES_AGGRESSIVE;
				CLANG_WARN_UNREACHABLE_CODE = YES;
				CLANG_WARN__DUPLICATE_METHOD_MATCH = YES;
				COPY_PHASE_STRIP = NO;
				DEBUG_INFORMATION_FORMAT = "dwarf-with-dsym";
				ENABLE_NS_ASSERTIONS = NO;
				ENABLE_STRICT_OBJC_MSGSEND = YES;
				GCC_C_LANGUAGE_STANDARD = gnu11;
				GCC_NO_COMMON_BLOCKS = YES;
				GCC_WARN_64_TO_32_BIT_CONVERSION = YES;
				GCC_WARN_ABOUT_RETURN_TYPE = YES_ERROR;
				GCC_WARN_UNDECLARED_SELECTOR = YES;
				GCC_WARN_UNINITIALIZED_AUTOS = YES_AGGRESSIVE;
				GCC_WARN_UNUSED_FUNCTION = YES;
				GCC_WARN_UNUSED_VARIABLE = YES;
				IPHONEOS_DEPLOYMENT_TARGET = 14.5;
				MTL_ENABLE_DEBUG_INFO = NO;
				MTL_FAST_MATH = YES;
				SDKROOT = iphoneos;
				SWIFT_COMPILATION_MODE = wholemodule;
				SWIFT_OPTIMIZATION_LEVEL = "-O";
				VALIDATE_PRODUCT = YES;
			};
			name = Release;
		};
		2F01B43426E9712E0029F6AC /* Debug */ = {
			isa = XCBuildConfiguration;
			buildSettings = {
				ASSETCATALOG_COMPILER_APPICON_NAME = AppIcon;
				ASSETCATALOG_COMPILER_GLOBAL_ACCENT_COLOR_NAME = AccentColor;
				CODE_SIGN_STYLE = Automatic;
				DEVELOPMENT_TEAM = WBT53J6TSQ;
				INFOPLIST_FILE = "Match The Shapes/Info.plist";
				LD_RUNPATH_SEARCH_PATHS = (
					"$(inherited)",
					"@executable_path/Frameworks",
				);
				PRODUCT_BUNDLE_IDENTIFIER = "JasonWarrick.Match-The-Shapes";
				PRODUCT_NAME = "$(TARGET_NAME)";
				SWIFT_VERSION = 5.0;
				TARGETED_DEVICE_FAMILY = "1,2";
			};
			name = Debug;
		};
		2F01B43526E9712E0029F6AC /* Release */ = {
			isa = XCBuildConfiguration;
			buildSettings = {
				ASSETCATALOG_COMPILER_APPICON_NAME = AppIcon;
				ASSETCATALOG_COMPILER_GLOBAL_ACCENT_COLOR_NAME = AccentColor;
				CODE_SIGN_STYLE = Automatic;
				DEVELOPMENT_TEAM = WBT53J6TSQ;
				INFOPLIST_FILE = "Match The Shapes/Info.plist";
				LD_RUNPATH_SEARCH_PATHS = (
					"$(inherited)",
					"@executable_path/Frameworks",
				);
				PRODUCT_BUNDLE_IDENTIFIER = "JasonWarrick.Match-The-Shapes";
				PRODUCT_NAME = "$(TARGET_NAME)";
				SWIFT_VERSION = 5.0;
				TARGETED_DEVICE_FAMILY = "1,2";
			};
			name = Release;
		};
/* End XCBuildConfiguration section */

/* Begin XCConfigurationList section */
		2F01B41A26E9712D0029F6AC /* Build configuration list for PBXProject "Match The Shapes" */ = {
			isa = XCConfigurationList;
			buildConfigurations = (
				2F01B43126E9712E0029F6AC /* Debug */,
				2F01B43226E9712E0029F6AC /* Release */,
			);
			defaultConfigurationIsVisible = 0;
			defaultConfigurationName = Release;
		};
		2F01B43326E9712E0029F6AC /* Build configuration list for PBXNativeTarget "Match The Shapes" */ = {
			isa = XCConfigurationList;
			buildConfigurations = (
				2F01B43426E9712E0029F6AC /* Debug */,
				2F01B43526E9712E0029F6AC /* Release */,
			);
			defaultConfigurationIsVisible = 0;
			defaultConfigurationName = Release;
		};
/* End XCConfigurationList section */
	};
	rootObject = 2F01B41726E9712D0029F6AC /* Project object */;
}
